
Microsoft Visual Studio Solution File, Format Version 12.00
# Visual Studio Version 17
VisualStudioVersion = 17.9.34723.18
MinimumVisualStudioVersion = 10.0.40219.1
Project("{FAE04EC0-301F-11D3-BF4B-00C04F79EFBC}") = "prac2.3", "prac2.3\prac2.3.csproj", "{F46CC230-97D1-40E9-B4E7-BDFCE18BCE74}"
EndProject
Global
	GlobalSection(SolutionConfigurationPlatforms) = preSolution
		Debug|Any CPU = Debug|Any CPU
		Release|Any CPU = Release|Any CPU
	EndGlobalSection
	GlobalSection(ProjectConfigurationPlatforms) = postSolution
		{F46CC230-97D1-40E9-B4E7-BDFCE18BCE74}.Debug|Any CPU.ActiveCfg = Debug|Any CPU
		{F46CC230-97D1-40E9-B4E7-BDFCE18BCE74}.Debug|Any CPU.Build.0 = Debug|Any CPU
		{F46CC230-97D1-40E9-B4E7-BDFCE18BCE74}.Release|Any CPU.ActiveCfg = Release|Any CPU
		{F46CC230-97D1-40E9-B4E7-BDFCE18BCE74}.Release|Any CPU.Build.0 = Release|Any CPU
	EndGlobalSection
	GlobalSection(SolutionProperties) = preSolution
		HideSolutionNode = FALSE
	EndGlobalSection
	GlobalSection(ExtensibilityGlobals) = postSolution
		SolutionGuid = {D5B2D22D-0D83-4C98-BCCD-4FF148FDEE2E}
	EndGlobalSection
EndGlobal
